
Microsoft Visual Studio Solution File, Format Version 12.00
# Visual Studio Version 16
VisualStudioVersion = 16.0.31321.278
MinimumVisualStudioVersion = 10.0.40219.1
Project("{8BC9CEB8-8B4A-11D0-8D11-00A0C91BC942}") = "Hello0_C", "Hello0_C\Hello0_C.vcxproj", "{22526CD2-B9EC-4EC9-8F4C-E1591BD78E52}"
EndProject
Project("{2150E333-8FDC-42A3-9474-1A3956D46DE8}") = "WebJ", "WebJ", "{BAB92569-E4FB-4B0F-A027-4E2C725B9DF9}"
	ProjectSection(SolutionItems) = preProject
		WebJ\Hello0_JSW0.htm = WebJ\Hello0_JSW0.htm
		WebJ\Hello0_JSW1.htm = WebJ\Hello0_JSW1.htm
		WebJ\Hello0_JSW2.htm = WebJ\Hello0_JSW2.htm
		WebJ\Hello0_JSW3.htm = WebJ\Hello0_JSW3.htm
		WebJ\Hello0_JSW4.htm = WebJ\Hello0_JSW4.htm
		WebJ\Hello0_JSW5.htm = WebJ\Hello0_JSW5.htm
		WebJ\Hello0_JSW6.htm = WebJ\Hello0_JSW6.htm
		WebJ\Hello0_JSW7.htm = WebJ\Hello0_JSW7.htm
		WebJ\List.html = WebJ\List.html
	EndProjectSection
EndProject
Global
	GlobalSection(SolutionConfigurationPlatforms) = preSolution
		Debug|x64 = Debug|x64
		Debug|x86 = Debug|x86
		Release|x64 = Release|x64
		Release|x86 = Release|x86
	EndGlobalSection
	GlobalSection(ProjectConfigurationPlatforms) = postSolution
		{22526CD2-B9EC-4EC9-8F4C-E1591BD78E52}.Debug|x64.ActiveCfg = Debug|x64
		{22526CD2-B9EC-4EC9-8F4C-E1591BD78E52}.Debug|x64.Build.0 = Debug|x64
		{22526CD2-B9EC-4EC9-8F4C-E1591BD78E52}.Debug|x86.ActiveCfg = Debug|Win32
		{22526CD2-B9EC-4EC9-8F4C-E1591BD78E52}.Debug|x86.Build.0 = Debug|Win32
		{22526CD2-B9EC-4EC9-8F4C-E1591BD78E52}.Release|x64.ActiveCfg = Release|x64
		{22526CD2-B9EC-4EC9-8F4C-E1591BD78E52}.Release|x64.Build.0 = Release|x64
		{22526CD2-B9EC-4EC9-8F4C-E1591BD78E52}.Release|x86.ActiveCfg = Release|Win32
		{22526CD2-B9EC-4EC9-8F4C-E1591BD78E52}.Release|x86.Build.0 = Release|Win32
	EndGlobalSection
	GlobalSection(SolutionProperties) = preSolution
		HideSolutionNode = FALSE
	EndGlobalSection
	GlobalSection(ExtensibilityGlobals) = postSolution
		SolutionGuid = {35F398AD-71B2-4E2A-8F53-A05653FECFFA}
	EndGlobalSection
EndGlobal
