
Microsoft Visual Studio Solution File, Format Version 12.00
# Visual Studio Version 16
VisualStudioVersion = 16.0.31129.286
MinimumVisualStudioVersion = 10.0.40219.1
Project("{8BC9CEB8-8B4A-11D0-8D11-00A0C91BC942}") = "TypeUInt", "TypeUInt\TypeInt.vcxproj", "{01200AD5-FBB5-42E7-958E-0E09C00EB682}"
EndProject
Project("{8BC9CEB8-8B4A-11D0-8D11-00A0C91BC942}") = "TypeSInt", "TypeSInt\TypeSInt.vcxproj", "{078DEA1A-4D70-4E5B-98E7-D663B9A607B8}"
EndProject
Project("{2150E333-8FDC-42A3-9474-1A3956D46DE8}") = "Doc", "Doc", "{881AB019-DF67-431C-AA7D-CDE9974EC3F1}"
	ProjectSection(SolutionItems) = preProject
		Doc\Bit.htm = Doc\Bit.htm
		Doc\Intro.htm = Doc\Intro.htm
		Doc\UInt.htm = Doc\UInt.htm
		Doc\W1.htm = Doc\W1.htm
	EndProjectSection
EndProject
Project("{2150E333-8FDC-42A3-9474-1A3956D46DE8}") = "Git", "Git", "{E36E4B76-5C8A-45BB-94BB-C95C8AF2407A}"
	ProjectSection(SolutionItems) = preProject
		..\.gitattributes = ..\.gitattributes
		..\.gitignore = ..\.gitignore
		Doc\Git.htm = Doc\Git.htm
	EndProjectSection
EndProject
Project("{8BC9CEB8-8B4A-11D0-8D11-00A0C91BC942}") = "TypeChar", "TypeChar\TypeChar.vcxproj", "{D1915BC7-128A-426D-87C8-50AF29EF641D}"
EndProject
Project("{8BC9CEB8-8B4A-11D0-8D11-00A0C91BC942}") = "Hello_1plus1", "Hello_1plus1\Hello_1plus1.vcxproj", "{EB2AEF0F-66B6-4551-8117-C263386814B8}"
EndProject
Global
	GlobalSection(SolutionConfigurationPlatforms) = preSolution
		Debug|x64 = Debug|x64
		Debug|x86 = Debug|x86
		Release|x64 = Release|x64
		Release|x86 = Release|x86
	EndGlobalSection
	GlobalSection(ProjectConfigurationPlatforms) = postSolution
		{01200AD5-FBB5-42E7-958E-0E09C00EB682}.Debug|x64.ActiveCfg = Debug|x64
		{01200AD5-FBB5-42E7-958E-0E09C00EB682}.Debug|x64.Build.0 = Debug|x64
		{01200AD5-FBB5-42E7-958E-0E09C00EB682}.Debug|x86.ActiveCfg = Debug|Win32
		{01200AD5-FBB5-42E7-958E-0E09C00EB682}.Debug|x86.Build.0 = Debug|Win32
		{01200AD5-FBB5-42E7-958E-0E09C00EB682}.Release|x64.ActiveCfg = Release|x64
		{01200AD5-FBB5-42E7-958E-0E09C00EB682}.Release|x64.Build.0 = Release|x64
		{01200AD5-FBB5-42E7-958E-0E09C00EB682}.Release|x86.ActiveCfg = Release|Win32
		{01200AD5-FBB5-42E7-958E-0E09C00EB682}.Release|x86.Build.0 = Release|Win32
		{078DEA1A-4D70-4E5B-98E7-D663B9A607B8}.Debug|x64.ActiveCfg = Debug|x64
		{078DEA1A-4D70-4E5B-98E7-D663B9A607B8}.Debug|x64.Build.0 = Debug|x64
		{078DEA1A-4D70-4E5B-98E7-D663B9A607B8}.Debug|x86.ActiveCfg = Debug|Win32
		{078DEA1A-4D70-4E5B-98E7-D663B9A607B8}.Debug|x86.Build.0 = Debug|Win32
		{078DEA1A-4D70-4E5B-98E7-D663B9A607B8}.Release|x64.ActiveCfg = Release|x64
		{078DEA1A-4D70-4E5B-98E7-D663B9A607B8}.Release|x64.Build.0 = Release|x64
		{078DEA1A-4D70-4E5B-98E7-D663B9A607B8}.Release|x86.ActiveCfg = Release|Win32
		{078DEA1A-4D70-4E5B-98E7-D663B9A607B8}.Release|x86.Build.0 = Release|Win32
		{D1915BC7-128A-426D-87C8-50AF29EF641D}.Debug|x64.ActiveCfg = Debug|x64
		{D1915BC7-128A-426D-87C8-50AF29EF641D}.Debug|x64.Build.0 = Debug|x64
		{D1915BC7-128A-426D-87C8-50AF29EF641D}.Debug|x86.ActiveCfg = Debug|Win32
		{D1915BC7-128A-426D-87C8-50AF29EF641D}.Debug|x86.Build.0 = Debug|Win32
		{D1915BC7-128A-426D-87C8-50AF29EF641D}.Release|x64.ActiveCfg = Release|x64
		{D1915BC7-128A-426D-87C8-50AF29EF641D}.Release|x64.Build.0 = Release|x64
		{D1915BC7-128A-426D-87C8-50AF29EF641D}.Release|x86.ActiveCfg = Release|Win32
		{D1915BC7-128A-426D-87C8-50AF29EF641D}.Release|x86.Build.0 = Release|Win32
		{EB2AEF0F-66B6-4551-8117-C263386814B8}.Debug|x64.ActiveCfg = Debug|x64
		{EB2AEF0F-66B6-4551-8117-C263386814B8}.Debug|x64.Build.0 = Debug|x64
		{EB2AEF0F-66B6-4551-8117-C263386814B8}.Debug|x86.ActiveCfg = Debug|Win32
		{EB2AEF0F-66B6-4551-8117-C263386814B8}.Debug|x86.Build.0 = Debug|Win32
		{EB2AEF0F-66B6-4551-8117-C263386814B8}.Release|x64.ActiveCfg = Release|x64
		{EB2AEF0F-66B6-4551-8117-C263386814B8}.Release|x64.Build.0 = Release|x64
		{EB2AEF0F-66B6-4551-8117-C263386814B8}.Release|x86.ActiveCfg = Release|Win32
		{EB2AEF0F-66B6-4551-8117-C263386814B8}.Release|x86.Build.0 = Release|Win32
	EndGlobalSection
	GlobalSection(SolutionProperties) = preSolution
		HideSolutionNode = FALSE
	EndGlobalSection
	GlobalSection(NestedProjects) = preSolution
		{E36E4B76-5C8A-45BB-94BB-C95C8AF2407A} = {881AB019-DF67-431C-AA7D-CDE9974EC3F1}
	EndGlobalSection
	GlobalSection(ExtensibilityGlobals) = postSolution
		SolutionGuid = {7D194184-A362-4FD4-88BA-5DE6CEE1FB4F}
	EndGlobalSection
EndGlobal
